
Microsoft Visual Studio Solution File, Format Version 12.00
# Visual Studio Version 18
VisualStudioVersion = 18.5.11723.231
MinimumVisualStudioVersion = 10.0.40219.1
Project("{FAE04EC0-301F-11D3-BF4B-00C04F79EFBC}") = "AzubiManager.Api", "AzubiManager.Api.csproj", "{329CBA97-8726-464E-4363-66D8CFD19C90}"
EndProject
Global
	GlobalSection(SolutionConfigurationPlatforms) = preSolution
		Debug|Any CPU = Debug|Any CPU
		Debug|x64 = Debug|x64
		Debug|x86 = Debug|x86
		Release|Any CPU = Release|Any CPU
		Release|x64 = Release|x64
		Release|x86 = Release|x86
	EndGlobalSection
	GlobalSection(ProjectConfigurationPlatforms) = postSolution
		{329CBA97-8726-464E-4363-66D8CFD19C90}.Debug|Any CPU.ActiveCfg = Debug|Any CPU
		{329CBA97-8726-464E-4363-66D8CFD19C90}.Debug|Any CPU.Build.0 = Debug|Any CPU
		{329CBA97-8726-464E-4363-66D8CFD19C90}.Debug|x64.ActiveCfg = Debug|Any CPU
		{329CBA97-8726-464E-4363-66D8CFD19C90}.Debug|x64.Build.0 = Debug|Any CPU
		{329CBA97-8726-464E-4363-66D8CFD19C90}.Debug|x86.ActiveCfg = Debug|Any CPU
		{329CBA97-8726-464E-4363-66D8CFD19C90}.Debug|x86.Build.0 = Debug|Any CPU
		{329CBA97-8726-464E-4363-66D8CFD19C90}.Release|Any CPU.ActiveCfg = Release|Any CPU
		{329CBA97-8726-464E-4363-66D8CFD19C90}.Release|Any CPU.Build.0 = Release|Any CPU
		{329CBA97-8726-464E-4363-66D8CFD19C90}.Release|x64.ActiveCfg = Release|Any CPU
		{329CBA97-8726-464E-4363-66D8CFD19C90}.Release|x64.Build.0 = Release|Any CPU
		{329CBA97-8726-464E-4363-66D8CFD19C90}.Release|x86.ActiveCfg = Release|Any CPU
		{329CBA97-8726-464E-4363-66D8CFD19C90}.Release|x86.Build.0 = Release|Any CPU
	EndGlobalSection
	GlobalSection(SolutionProperties) = preSolution
		HideSolutionNode = FALSE
	EndGlobalSection
	GlobalSection(ExtensibilityGlobals) = postSolution
		SolutionGuid = {29E13FAE-C4A3-4F5B-90A8-ADC00D908E3F}
	EndGlobalSection
EndGlobal
